
Microsoft Visual Studio Solution File, Format Version 12.00
# Visual Studio Version 17
VisualStudioVersion = 17.4.33403.182
MinimumVisualStudioVersion = 10.0.40219.1
Project("{FAE04EC0-301F-11D3-BF4B-00C04F79EFBC}") = "SupportWheelOfFateAPI", "SupportWheelOfFateAPI\SupportWheelOfFateAPI.csproj", "{DA21713B-56C4-4967-9730-0C1E7EABD189}"
EndProject
Global
	GlobalSection(SolutionConfigurationPlatforms) = preSolution
		Debug|Any CPU = Debug|Any CPU
		Release|Any CPU = Release|Any CPU
	EndGlobalSection
	GlobalSection(ProjectConfigurationPlatforms) = postSolution
		{DA21713B-56C4-4967-9730-0C1E7EABD189}.Debug|Any CPU.ActiveCfg = Debug|Any CPU
		{DA21713B-56C4-4967-9730-0C1E7EABD189}.Debug|Any CPU.Build.0 = Debug|Any CPU
		{DA21713B-56C4-4967-9730-0C1E7EABD189}.Release|Any CPU.ActiveCfg = Release|Any CPU
		{DA21713B-56C4-4967-9730-0C1E7EABD189}.Release|Any CPU.Build.0 = Release|Any CPU
	EndGlobalSection
	GlobalSection(SolutionProperties) = preSolution
		HideSolutionNode = FALSE
	EndGlobalSection
	GlobalSection(ExtensibilityGlobals) = postSolution
		SolutionGuid = {AF2569A9-1885-49F2-B204-A453C29B0500}
	EndGlobalSection
EndGlobal
